// !$*UTF8*$!
{
	archiveVersion = 1;
	classes = {
	};
	objectVersion = 77;
	objects = {

/* Begin PBXContainerItemProxy section */
		C314787B2EABCD2D0067724B /* PBXContainerItemProxy */ = {
			isa = PBXContainerItemProxy;
			containerPortal = C31478652EABCD2B0067724B /* Project object */;
			proxyType = 1;
			remoteGlobalIDString = C314786C2EABCD2B0067724B;
			remoteInfo = "ios-ci-tahoe-test";
		};
		C31478852EABCD2D0067724B /* PBXContainerItemProxy */ = {
			isa = PBXContainerItemProxy;
			containerPortal = C31478652EABCD2B0067724B /* Project object */;
			proxyType = 1;
			remoteGlobalIDString = C314786C2EABCD2B0067724B;
			remoteInfo = "ios-ci-tahoe-test";
		};
/* End PBXContainerItemProxy section */

/* Begin PBXFileReference section */
		C314786D2EABCD2B0067724B /* ios-ci-tahoe-test.app */ = {isa = PBXFileReference; explicitFileType = wrapper.application; includeInIndex = 0; path = "ios-ci-tahoe-test.app"; sourceTree = BUILT_PRODUCTS_DIR; };
		C314787A2EABCD2D0067724B /* ios-ci-tahoe-testTests.xctest */ = {isa = PBXFileReference; explicitFileType = wrapper.cfbundle; includeInIndex = 0; path = "ios-ci-tahoe-testTests.xctest"; sourceTree = BUILT_PRODUCTS_DIR; };
		C31478842EABCD2D0067724B /* ios-ci-tahoe-testUITests.xctest */ = {isa = PBXFileReference; explicitFileType = wrapper.cfbundle; includeInIndex = 0; path = "ios-ci-tahoe-testUITests.xctest"; sourceTree = BUILT_PRODUCTS_DIR; };
/* End PBXFileReference section */

/* Begin PBXFileSystemSynchronizedRootGroup section */
		C314786F2EABCD2B0067724B /* ios-ci-tahoe-test */ = {
			isa = PBXFileSystemSynchronizedRootGroup;
			path = "ios-ci-tahoe-test";
			sourceTree = "<group>";
		};
		C314787D2EABCD2D0067724B /* ios-ci-tahoe-testTests */ = {
			isa = PBXFileSystemSynchronizedRootGroup;
			path = "ios-ci-tahoe-testTests";
			sourceTree = "<group>";
		};
		C31478872EABCD2D0067724B /* ios-ci-tahoe-testUITests */ = {
			isa = PBXFileSystemSynchronizedRootGroup;
			path = "ios-ci-tahoe-testUITests";
			sourceTree = "<group>";
		};
/* End PBXFileSystemSynchronizedRootGroup section */

/* Begin PBXFrameworksBuildPhase section */
		C314786A2EABCD2B0067724B /* Frameworks */ = {
			isa = PBXFrameworksBuildPhase;
			buildActionMask = 2147483647;
			files = (
			);
			runOnlyForDeploymentPostprocessing = 0;
		};
		C31478772EABCD2D0067724B /* Frameworks */ = {
			isa = PBXFrameworksBuildPhase;
			buildActionMask = 2147483647;
			files = (
			);
			runOnlyForDeploymentPostprocessing = 0;
		};
		C31478812EABCD2D0067724B /* Frameworks */ = {
			isa = PBXFrameworksBuildPhase;
			buildActionMask = 2147483647;
			files = (
			);
			runOnlyForDeploymentPostprocessing = 0;
		};
/* End PBXFrameworksBuildPhase section */

/* Begin PBXGroup section */
		C31478642EABCD2B0067724B = {
			isa = PBXGroup;
			children = (
				C314786F2EABCD2B0067724B /* ios-ci-tahoe-test */,
				C314787D2EABCD2D0067724B /* ios-ci-tahoe-testTests */,
				C31478872EABCD2D0067724B /* ios-ci-tahoe-testUITests */,
				C314786E2EABCD2B0067724B /* Products */,
			);
			sourceTree = "<group>";
		};
		C314786E2EABCD2B0067724B /* Products */ = {
			isa = PBXGroup;
			children = (
				C314786D2EABCD2B0067724B /* ios-ci-tahoe-test.app */,
				C314787A2EABCD2D0067724B /* ios-ci-tahoe-testTests.xctest */,
				C31478842EABCD2D0067724B /* ios-ci-tahoe-testUITests.xctest */,
			);
			name = Products;
			sourceTree = "<group>";
		};
/* End PBXGroup section */

/* Begin PBXNativeTarget section */
		C314786C2EABCD2B0067724B /* ios-ci-tahoe-test */ = {
			isa = PBXNativeTarget;
			buildConfigurationList = C314788E2EABCD2D0067724B /* Build configuration list for PBXNativeTarget "ios-ci-tahoe-test" */;
			buildPhases = (
				C31478692EABCD2B0067724B /* Sources */,
				C314786A2EABCD2B0067724B /* Frameworks */,
				C314786B2EABCD2B0067724B /* Resources */,
			);
			buildRules = (
			);
			dependencies = (
			);
			fileSystemSynchronizedGroups = (
				C314786F2EABCD2B0067724B /* ios-ci-tahoe-test */,
			);
			name = "ios-ci-tahoe-test";
			packageProductDependencies = (
			);
			productName = "ios-ci-tahoe-test";
			productReference = C314786D2EABCD2B0067724B /* ios-ci-tahoe-test.app */;
			productType = "com.apple.product-type.application";
		};
		C31478792EABCD2D0067724B /* ios-ci-tahoe-testTests */ = {
			isa = PBXNativeTarget;
			buildConfigurationList = C31478912EABCD2D0067724B /* Build configuration list for PBXNativeTarget "ios-ci-tahoe-testTests" */;
			buildPhases = (
				C31478762EABCD2D0067724B /* Sources */,
				C31478772EABCD2D0067724B /* Frameworks */,
				C31478782EABCD2D0067724B /* Resources */,
			);
			buildRules = (
			);
			dependencies = (
				C314787C2EABCD2D0067724B /* PBXTargetDependency */,
			);
			fileSystemSynchronizedGroups = (
				C314787D2EABCD2D0067724B /* ios-ci-tahoe-testTests */,
			);
			name = "ios-ci-tahoe-testTests";
			packageProductDependencies = (
			);
			productName = "ios-ci-tahoe-testTests";
			productReference = C314787A2EABCD2D0067724B /* ios-ci-tahoe-testTests.xctest */;
			productType = "com.apple.product-type.bundle.unit-test";
		};
		C31478832EABCD2D0067724B /* ios-ci-tahoe-testUITests */ = {
			isa = PBXNativeTarget;
			buildConfigurationList = C31478942EABCD2D0067724B /* Build configuration list for PBXNativeTarget "ios-ci-tahoe-testUITests" */;
			buildPhases = (
				C31478802EABCD2D0067724B /* Sources */,
				C31478812EABCD2D0067724B /* Frameworks */,
				C31478822EABCD2D0067724B /* Resources */,
			);
			buildRules = (
			);
			dependencies = (
				C31478862EABCD2D0067724B /* PBXTargetDependency */,
			);
			fileSystemSynchronizedGroups = (
				C31478872EABCD2D0067724B /* ios-ci-tahoe-testUITests */,
			);
			name = "ios-ci-tahoe-testUITests";
			packageProductDependencies = (
			);
			productName = "ios-ci-tahoe-testUITests";
			productReference = C31478842EABCD2D0067724B /* ios-ci-tahoe-testUITests.xctest */;
			productType = "com.apple.product-type.bundle.ui-testing";
		};
/* End PBXNativeTarget section */

/* Begin PBXProject section */
		C31478652EABCD2B0067724B /* Project object */ = {
			isa = PBXProject;
			attributes = {
				BuildIndependentTargetsInParallel = 1;
				LastSwiftUpdateCheck = 2600;
				LastUpgradeCheck = 2600;
				TargetAttributes = {
					C314786C2EABCD2B0067724B = {
						CreatedOnToolsVersion = 26.0.1;
					};
					C31478792EABCD2D0067724B = {
						CreatedOnToolsVersion = 26.0.1;
						TestTargetID = C314786C2EABCD2B0067724B;
					};
					C31478832EABCD2D0067724B = {
						CreatedOnToolsVersion = 26.0.1;
						TestTargetID = C314786C2EABCD2B0067724B;
					};
				};
			};
			buildConfigurationList = C31478682EABCD2B0067724B /* Build configuration list for PBXProject "ios-ci-tahoe-test" */;
			developmentRegion = en;
			hasScannedForEncodings = 0;
			knownRegions = (
				en,
				Base,
			);
			mainGroup = C31478642EABCD2B0067724B;
			minimizedProjectReferenceProxies = 1;
			preferredProjectObjectVersion = 77;
			productRefGroup = C314786E2EABCD2B0067724B /* Products */;
			projectDirPath = "";
			projectRoot = "";
			targets = (
				C314786C2EABCD2B0067724B /* ios-ci-tahoe-test */,
				C31478792EABCD2D0067724B /* ios-ci-tahoe-testTests */,
				C31478832EABCD2D0067724B /* ios-ci-tahoe-testUITests */,
			);
		};
/* End PBXProject section */

/* Begin PBXResourcesBuildPhase section */
		C314786B2EABCD2B0067724B /* Resources */ = {
			isa = PBXResourcesBuildPhase;
			buildActionMask = 2147483647;
			files = (
			);
			runOnlyForDeploymentPostprocessing = 0;
		};
		C31478782EABCD2D0067724B /* Resources */ = {
			isa = PBXResourcesBuildPhase;
			buildActionMask = 2147483647;
			files = (
			);
			runOnlyForDeploymentPostprocessing = 0;
		};
		C31478822EABCD2D0067724B /* Resources */ = {
			isa = PBXResourcesBuildPhase;
			buildActionMask = 2147483647;
			files = (
			);
			runOnlyForDeploymentPostprocessing = 0;
		};
/* End PBXResourcesBuildPhase section */

/* Begin PBXSourcesBuildPhase section */
		C31478692EABCD2B0067724B /* Sources */ = {
			isa = PBXSourcesBuildPhase;
			buildActionMask = 2147483647;
			files = (
			);
			runOnlyForDeploymentPostprocessing = 0;
		};
		C31478762EABCD2D0067724B /* Sources */ = {
			isa = PBXSourcesBuildPhase;
			buildActionMask = 2147483647;
			files = (
			);
			runOnlyForDeploymentPostprocessing = 0;
		};
		C31478802EABCD2D0067724B /* Sources */ = {
			isa = PBXSourcesBuildPhase;
			buildActionMask = 2147483647;
			files = (
			);
			runOnlyForDeploymentPostprocessing = 0;
		};
/* End PBXSourcesBuildPhase section */

/* Begin PBXTargetDependency section */
		C314787C2EABCD2D0067724B /* PBXTargetDependency */ = {
			isa = PBXTargetDependency;
			target = C314786C2EABCD2B0067724B /* ios-ci-tahoe-test */;
			targetProxy = C314787B2EABCD2D0067724B /* PBXContainerItemProxy */;
		};
		C31478862EABCD2D0067724B /* PBXTargetDependency */ = {
			isa = PBXTargetDependency;
			target = C314786C2EABCD2B0067724B /* ios-ci-tahoe-test */;
			targetProxy = C31478852EABCD2D0067724B /* PBXContainerItemProxy */;
		};
/* End PBXTargetDependency section */

/* Begin XCBuildConfiguration section */
		C314788C2EABCD2D0067724B /* Debug */ = {
			isa = XCBuildConfiguration;
			buildSettings = {
				ALWAYS_SEARCH_USER_PATHS = NO;
				ASSETCATALOG_COMPILER_GENERATE_SWIFT_ASSET_SYMBOL_EXTENSIONS = YES;
				CLANG_ANALYZER_NONNULL = YES;
				CLANG_ANALYZER_NUMBER_OBJECT_CONVERSION = YES_AGGRESSIVE;
				CLANG_CXX_LANGUAGE_STANDARD = "gnu++20";
				CLANG_ENABLE_MODULES = YES;
				CLANG_ENABLE_OBJC_ARC = YES;
				CLANG_ENABLE_OBJC_WEAK = YES;
				CLANG_WARN_BLOCK_CAPTURE_AUTORELEASING = YES;
				CLANG_WARN_BOOL_CONVERSION = YES;
				CLANG_WARN_COMMA = YES;
				CLANG_WARN_CONSTANT_CONVERSION = YES;
				CLANG_WARN_DEPRECATED_OBJC_IMPLEMENTATIONS = YES;
				CLANG_WARN_DIRECT_OBJC_ISA_USAGE = YES_ERROR;
				CLANG_WARN_DOCUMENTATION_COMMENTS = YES;
				CLANG_WARN_EMPTY_BODY = YES;
				CLANG_WARN_ENUM_CONVERSION = YES;
				CLANG_WARN_INFINITE_RECURSION = YES;
				CLANG_WARN_INT_CONVERSION = YES;
				CLANG_WARN_NON_LITERAL_NULL_CONVERSION = YES;
				CLANG_WARN_OBJC_IMPLICIT_RETAIN_SELF = YES;
				CLANG_WARN_OBJC_LITERAL_CONVERSION = YES;
				CLANG_WARN_OBJC_ROOT_CLASS = YES_ERROR;
				CLANG_WARN_QUOTED_INCLUDE_IN_FRAMEWORK_HEADER = YES;
				CLANG_WARN_RANGE_LOOP_ANALYSIS = YES;
				CLANG_WARN_STRICT_PROTOTYPES = YES;
				CLANG_WARN_SUSPICIOUS_MOVE = YES;
				CLANG_WARN_UNGUARDED_AVAILABILITY = YES_AGGRESSIVE;
				CLANG_WARN_UNREACHABLE_CODE = YES;
				CLANG_WARN__DUPLICATE_METHOD_MATCH = YES;
				COPY_PHASE_STRIP = NO;
				DEBUG_INFORMATION_FORMAT = dwarf;
				DEVELOPMENT_TEAM = 99Y4SLR575;
				ENABLE_STRICT_OBJC_MSGSEND = YES;
				ENABLE_TESTABILITY = YES;
				ENABLE_USER_SCRIPT_SANDBOXING = YES;
				GCC_C_LANGUAGE_STANDARD = gnu17;
				GCC_DYNAMIC_NO_PIC = NO;
				GCC_NO_COMMON_BLOCKS = YES;
				GCC_OPTIMIZATION_LEVEL = 0;
				GCC_PREPROCESSOR_DEFINITIONS = (
					"DEBUG=1",
					"$(inherited)",
				);
				GCC_WARN_64_TO_32_BIT_CONVERSION = YES;
				GCC_WARN_ABOUT_RETURN_TYPE = YES_ERROR;
				GCC_WARN_UNDECLARED_SELECTOR = YES;
				GCC_WARN_UNINITIALIZED_AUTOS = YES_AGGRESSIVE;
				GCC_WARN_UNUSED_FUNCTION = YES;
				GCC_WARN_UNUSED_VARIABLE = YES;
				IPHONEOS_DEPLOYMENT_TARGET = 26.0;
				LOCALIZATION_PREFERS_STRING_CATALOGS = YES;
				MTL_ENABLE_DEBUG_INFO = INCLUDE_SOURCE;
				MTL_FAST_MATH = YES;
				ONLY_ACTIVE_ARCH = YES;
				SDKROOT = iphoneos;
				SWIFT_ACTIVE_COMPILATION_CONDITIONS = "DEBUG $(inherited)";
				SWIFT_OPTIMIZATION_LEVEL = "-Onone";
			};
			name = Debug;
		};
		C314788D2EABCD2D0067724B /* Release */ = {
			isa = XCBuildConfiguration;
			buildSettings = {
				ALWAYS_SEARCH_USER_PATHS = NO;
				ASSETCATALOG_COMPILER_GENERATE_SWIFT_ASSET_SYMBOL_EXTENSIONS = YES;
				CLANG_ANALYZER_NONNULL = YES;
				CLANG_ANALYZER_NUMBER_OBJECT_CONVERSION = YES_AGGRESSIVE;
				CLANG_CXX_LANGUAGE_STANDARD = "gnu++20";
				CLANG_ENABLE_MODULES = YES;
				CLANG_ENABLE_OBJC_ARC = YES;
				CLANG_ENABLE_OBJC_WEAK = YES;
				CLANG_WARN_BLOCK_CAPTURE_AUTORELEASING = YES;
				CLANG_WARN_BOOL_CONVERSION = YES;
				CLANG_WARN_COMMA = YES;
				CLANG_WARN_CONSTANT_CONVERSION = YES;
				CLANG_WARN_DEPRECATED_OBJC_IMPLEMENTATIONS = YES;
				CLANG_WARN_DIRECT_OBJC_ISA_USAGE = YES_ERROR;
				CLANG_WARN_DOCUMENTATION_COMMENTS = YES;
				CLANG_WARN_EMPTY_BODY = YES;
				CLANG_WARN_ENUM_CONVERSION = YES;
				CLANG_WARN_INFINITE_RECURSION = YES;
				CLANG_WARN_INT_CONVERSION = YES;
				CLANG_WARN_NON_LITERAL_NULL_CONVERSION = YES;
				CLANG_WARN_OBJC_IMPLICIT_RETAIN_SELF = YES;
				CLANG_WARN_OBJC_LITERAL_CONVERSION = YES;
				CLANG_WARN_OBJC_ROOT_CLASS = YES_ERROR;
				CLANG_WARN_QUOTED_INCLUDE_IN_FRAMEWORK_HEADER = YES;
				CLANG_WARN_RANGE_LOOP_ANALYSIS = YES;
				CLANG_WARN_STRICT_PROTOTYPES = YES;
				CLANG_WARN_SUSPICIOUS_MOVE = YES;
				CLANG_WARN_UNGUARDED_AVAILABILITY = YES_AGGRESSIVE;
				CLANG_WARN_UNREACHABLE_CODE = YES;
				CLANG_WARN__DUPLICATE_METHOD_MATCH = YES;
				COPY_PHASE_STRIP = NO;
				DEBUG_INFORMATION_FORMAT = "dwarf-with-dsym";
				DEVELOPMENT_TEAM = 99Y4SLR575;
				ENABLE_NS_ASSERTIONS = NO;
				ENABLE_STRICT_OBJC_MSGSEND = YES;
				ENABLE_USER_SCRIPT_SANDBOXING = YES;
				GCC_C_LANGUAGE_STANDARD = gnu17;
				GCC_NO_COMMON_BLOCKS = YES;
				GCC_WARN_64_TO_32_BIT_CONVERSION = YES;
				GCC_WARN_ABOUT_RETURN_TYPE = YES_ERROR;
				GCC_WARN_UNDECLARED_SELECTOR = YES;
				GCC_WARN_UNINITIALIZED_AUTOS = YES_AGGRESSIVE;
				GCC_WARN_UNUSED_FUNCTION = YES;
				GCC_WARN_UNUSED_VARIABLE = YES;
				IPHONEOS_DEPLOYMENT_TARGET = 26.0;
				LOCALIZATION_PREFERS_STRING_CATALOGS = YES;
				MTL_ENABLE_DEBUG_INFO = NO;
				MTL_FAST_MATH = YES;
				SDKROOT = iphoneos;
				SWIFT_COMPILATION_MODE = wholemodule;
				VALIDATE_PRODUCT = YES;
			};
			name = Release;
		};
		C314788F2EABCD2D0067724B /* Debug */ = {
			isa = XCBuildConfiguration;
			buildSettings = {
				ASSETCATALOG_COMPILER_APPICON_NAME = AppIcon;
				ASSETCATALOG_COMPILER_GLOBAL_ACCENT_COLOR_NAME = AccentColor;
				CODE_SIGN_STYLE = Automatic;
				CURRENT_PROJECT_VERSION = 1;
				DEVELOPMENT_TEAM = 99Y4SLR575;
				ENABLE_PREVIEWS = YES;
				GENERATE_INFOPLIST_FILE = YES;
				INFOPLIST_KEY_UIApplicationSceneManifest_Generation = YES;
				INFOPLIST_KEY_UIApplicationSupportsIndirectInputEvents = YES;
				INFOPLIST_KEY_UILaunchScreen_Generation = YES;
				INFOPLIST_KEY_UISupportedInterfaceOrientations_iPad = "UIInterfaceOrientationPortrait UIInterfaceOrientationPortraitUpsideDown UIInterfaceOrientationLandscapeLeft UIInterfaceOrientationLandscapeRight";
				INFOPLIST_KEY_UISupportedInterfaceOrientations_iPhone = "UIInterfaceOrientationPortrait UIInterfaceOrientationLandscapeLeft UIInterfaceOrientationLandscapeRight";
				LD_RUNPATH_SEARCH_PATHS = (
					"$(inherited)",
					"@executable_path/Frameworks",
				);
				MARKETING_VERSION = 1.0;
				PRODUCT_BUNDLE_IDENTIFIER = "com.sweetwater.ios-ci-tahoe-test";
				PRODUCT_NAME = "$(TARGET_NAME)";
				STRING_CATALOG_GENERATE_SYMBOLS = YES;
				SWIFT_APPROACHABLE_CONCURRENCY = YES;
				SWIFT_DEFAULT_ACTOR_ISOLATION = MainActor;
				SWIFT_EMIT_LOC_STRINGS = YES;
				SWIFT_UPCOMING_FEATURE_MEMBER_IMPORT_VISIBILITY = YES;
				SWIFT_VERSION = 5.0;
				TARGETED_DEVICE_FAMILY = "1,2";
			};
			name = Debug;
		};
		C31478902EABCD2D0067724B /* Release */ = {
			isa = XCBuildConfiguration;
			buildSettings = {
				ASSETCATALOG_COMPILER_APPICON_NAME = AppIcon;
				ASSETCATALOG_COMPILER_GLOBAL_ACCENT_COLOR_NAME = AccentColor;
				CODE_SIGN_STYLE = Automatic;
				CURRENT_PROJECT_VERSION = 1;
				DEVELOPMENT_TEAM = 99Y4SLR575;
				ENABLE_PREVIEWS = YES;
				GENERATE_INFOPLIST_FILE = YES;
				INFOPLIST_KEY_UIApplicationSceneManifest_Generation = YES;
				INFOPLIST_KEY_UIApplicationSupportsIndirectInputEvents = YES;
				INFOPLIST_KEY_UILaunchScreen_Generation = YES;
				INFOPLIST_KEY_UISupportedInterfaceOrientations_iPad = "UIInterfaceOrientationPortrait UIInterfaceOrientationPortraitUpsideDown UIInterfaceOrientationLandscapeLeft UIInterfaceOrientationLandscapeRight";
				INFOPLIST_KEY_UISupportedInterfaceOrientations_iPhone = "UIInterfaceOrientationPortrait UIInterfaceOrientationLandscapeLeft UIInterfaceOrientationLandscapeRight";
				LD_RUNPATH_SEARCH_PATHS = (
					"$(inherited)",
					"@executable_path/Frameworks",
				);
				MARKETING_VERSION = 1.0;
				PRODUCT_BUNDLE_IDENTIFIER = "com.sweetwater.ios-ci-tahoe-test";
				PRODUCT_NAME = "$(TARGET_NAME)";
				STRING_CATALOG_GENERATE_SYMBOLS = YES;
				SWIFT_APPROACHABLE_CONCURRENCY = YES;
				SWIFT_DEFAULT_ACTOR_ISOLATION = MainActor;
				SWIFT_EMIT_LOC_STRINGS = YES;
				SWIFT_UPCOMING_FEATURE_MEMBER_IMPORT_VISIBILITY = YES;
				SWIFT_VERSION = 5.0;
				TARGETED_DEVICE_FAMILY = "1,2";
			};
			name = Release;
		};
		C31478922EABCD2D0067724B /* Debug */ = {
			isa = XCBuildConfiguration;
			buildSettings = {
				BUNDLE_LOADER = "$(TEST_HOST)";
				CODE_SIGN_STYLE = Automatic;
				CURRENT_PROJECT_VERSION = 1;
				DEVELOPMENT_TEAM = 99Y4SLR575;
				GENERATE_INFOPLIST_FILE = YES;
				IPHONEOS_DEPLOYMENT_TARGET = 26.0;
				MARKETING_VERSION = 1.0;
				PRODUCT_BUNDLE_IDENTIFIER = "com.sweetwater.ios-ci-tahoe-testTests";
				PRODUCT_NAME = "$(TARGET_NAME)";
				STRING_CATALOG_GENERATE_SYMBOLS = NO;
				SWIFT_APPROACHABLE_CONCURRENCY = YES;
				SWIFT_EMIT_LOC_STRINGS = NO;
				SWIFT_UPCOMING_FEATURE_MEMBER_IMPORT_VISIBILITY = YES;
				SWIFT_VERSION = 5.0;
				TARGETED_DEVICE_FAMILY = "1,2";
				TEST_HOST = "$(BUILT_PRODUCTS_DIR)/ios-ci-tahoe-test.app/$(BUNDLE_EXECUTABLE_FOLDER_PATH)/ios-ci-tahoe-test";
			};
			name = Debug;
		};
		C31478932EABCD2D0067724B /* Release */ = {
			isa = XCBuildConfiguration;
			buildSettings = {
				BUNDLE_LOADER = "$(TEST_HOST)";
				CODE_SIGN_STYLE = Automatic;
				CURRENT_PROJECT_VERSION = 1;
				DEVELOPMENT_TEAM = 99Y4SLR575;
				GENERATE_INFOPLIST_FILE = YES;
				IPHONEOS_DEPLOYMENT_TARGET = 26.0;
				MARKETING_VERSION = 1.0;
				PRODUCT_BUNDLE_IDENTIFIER = "com.sweetwater.ios-ci-tahoe-testTests";
				PRODUCT_NAME = "$(TARGET_NAME)";
				STRING_CATALOG_GENERATE_SYMBOLS = NO;
				SWIFT_APPROACHABLE_CONCURRENCY = YES;
				SWIFT_EMIT_LOC_STRINGS = NO;
				SWIFT_UPCOMING_FEATURE_MEMBER_IMPORT_VISIBILITY = YES;
				SWIFT_VERSION = 5.0;
				TARGETED_DEVICE_FAMILY = "1,2";
				TEST_HOST = "$(BUILT_PRODUCTS_DIR)/ios-ci-tahoe-test.app/$(BUNDLE_EXECUTABLE_FOLDER_PATH)/ios-ci-tahoe-test";
			};
			name = Release;
		};
		C31478952EABCD2D0067724B /* Debug */ = {
			isa = XCBuildConfiguration;
			buildSettings = {
				CODE_SIGN_STYLE = Automatic;
				CURRENT_PROJECT_VERSION = 1;
				DEVELOPMENT_TEAM = 99Y4SLR575;
				GENERATE_INFOPLIST_FILE = YES;
				MARKETING_VERSION = 1.0;
				PRODUCT_BUNDLE_IDENTIFIER = "com.sweetwater.ios-ci-tahoe-testUITests";
				PRODUCT_NAME = "$(TARGET_NAME)";
				STRING_CATALOG_GENERATE_SYMBOLS = NO;
				SWIFT_APPROACHABLE_CONCURRENCY = YES;
				SWIFT_EMIT_LOC_STRINGS = NO;
				SWIFT_UPCOMING_FEATURE_MEMBER_IMPORT_VISIBILITY = YES;
				SWIFT_VERSION = 5.0;
				TARGETED_DEVICE_FAMILY = "1,2";
				TEST_TARGET_NAME = "ios-ci-tahoe-test";
			};
			name = Debug;
		};
		C31478962EABCD2D0067724B /* Release */ = {
			isa = XCBuildConfiguration;
			buildSettings = {
				CODE_SIGN_STYLE = Automatic;
				CURRENT_PROJECT_VERSION = 1;
				DEVELOPMENT_TEAM = 99Y4SLR575;
				GENERATE_INFOPLIST_FILE = YES;
				MARKETING_VERSION = 1.0;
				PRODUCT_BUNDLE_IDENTIFIER = "com.sweetwater.ios-ci-tahoe-testUITests";
				PRODUCT_NAME = "$(TARGET_NAME)";
				STRING_CATALOG_GENERATE_SYMBOLS = NO;
				SWIFT_APPROACHABLE_CONCURRENCY = YES;
				SWIFT_EMIT_LOC_STRINGS = NO;
				SWIFT_UPCOMING_FEATURE_MEMBER_IMPORT_VISIBILITY = YES;
				SWIFT_VERSION = 5.0;
				TARGETED_DEVICE_FAMILY = "1,2";
				TEST_TARGET_NAME = "ios-ci-tahoe-test";
			};
			name = Release;
		};
/* End XCBuildConfiguration section */

/* Begin XCConfigurationList section */
		C31478682EABCD2B0067724B /* Build configuration list for PBXProject "ios-ci-tahoe-test" */ = {
			isa = XCConfigurationList;
			buildConfigurations = (
				C314788C2EABCD2D0067724B /* Debug */,
				C314788D2EABCD2D0067724B /* Release */,
			);
			defaultConfigurationIsVisible = 0;
			defaultConfigurationName = Release;
		};
		C314788E2EABCD2D0067724B /* Build configuration list for PBXNativeTarget "ios-ci-tahoe-test" */ = {
			isa = XCConfigurationList;
			buildConfigurations = (
				C314788F2EABCD2D0067724B /* Debug */,
				C31478902EABCD2D0067724B /* Release */,
			);
			defaultConfigurationIsVisible = 0;
			defaultConfigurationName = Release;
		};
		C31478912EABCD2D0067724B /* Build configuration list for PBXNativeTarget "ios-ci-tahoe-testTests" */ = {
			isa = XCConfigurationList;
			buildConfigurations = (
				C31478922EABCD2D0067724B /* Debug */,
				C31478932EABCD2D0067724B /* Release */,
			);
			defaultConfigurationIsVisible = 0;
			defaultConfigurationName = Release;
		};
		C31478942EABCD2D0067724B /* Build configuration list for PBXNativeTarget "ios-ci-tahoe-testUITests" */ = {
			isa = XCConfigurationList;
			buildConfigurations = (
				C31478952EABCD2D0067724B /* Debug */,
				C31478962EABCD2D0067724B /* Release */,
			);
			defaultConfigurationIsVisible = 0;
			defaultConfigurationName = Release;
		};
/* End XCConfigurationList section */
	};
	rootObject = C31478652EABCD2B0067724B /* Project object */;
}
